dependencies:
- name: webservice
  repository: file://charts/webservice
  version: 0.1.0
- name: job-policy-checker
  repository: file://charts/job-policy-checker
  version: 0.1.0
- name: migrations
  repository: file://charts/migrations
  version: 0.1.0
digest: sha256:7009169bab87614dc2bf33508ac69a2ce674c4565a6fdc0f3b571ad461c7d991
generated: "2024-08-24T23:49:27.165058-04:00"
