{
  "lockfile-version": 1,
  "manifest": {
    "schema-version": "1.10.0",
    "install": {
      "air": {
        "pkg-path": "air"
      },
      "go": {
        "pkg-path": "go",
        "pkg-group": "go",
        "version": "1.25.5"
      },
      "jsonnet": {
        "pkg-path": "jsonnet"
      },
      "nodejs": {
        "pkg-path": "nodejs_24",
        "version": "24.13.0"
      },
      "pnpm": {
        "pkg-path": "pnpm"
      }
    },
    "hook": {
      "on-activate": "  if [ ! -f .env ]; then\n    cp .env.example .env\n  fi\n"
    },
    "profile": {},
    "options": {
      "systems": [
        "aarch64-linux",
        "x86_64-linux",
        "aarch64-darwin",
        "x86_64-darwin"
      ],
      "cuda-detection": false
    }
  },
  "packages": [
    {
      "attr_path": "go",
      "broken": false,
      "derivation": "/nix/store/h19kjqi10ynjk0i6scllhv82gx45p58w-go-1.25.5.drv",
      "description": "Go Programming language",
      "install_id": "go",
      "license": "BSD-3-Clause",
      "locked_url": "https://github.com/flox/nixpkgs?rev=0182a361324364ae3f436a63005877674cf45efb",
      "name": "go-1.25.5",
      "pname": "go",
      "rev": "0182a361324364ae3f436a63005877674cf45efb",
      "rev_count": 948083,
      "rev_date": "2026-02-17T23:04:30Z",
      "scrape_date": "2026-02-19T04:39:53.269291Z",
      "stabilities": [
        "unstable",
        "staging"
      ],
      "unfree": false,
      "version": "1.25.5",
      "outputs_to_install": [
        "out",
        "out"
      ],
      "outputs": {
        "out": "/nix/store/wh88zz6r1ihcp2mm7ys1f2anp8aga6n2-go-1.25.5"
      },
      "system": "aarch64-darwin",
      "group": "go",
      "priority": 5
    },
    {
      "attr_path": "go",
      "broken": false,
      "derivation": "/nix/store/32f3plvjz6apyxgi010l0c0ngqydzbyj-go-1.25.5.drv",
      "description": "Go Programming language",
      "install_id": "go",
      "license": "BSD-3-Clause",
      "locked_url": "https://github.com/flox/nixpkgs?rev=0182a361324364ae3f436a63005877674cf45efb",
      "name": "go-1.25.5",
      "pname": "go",
      "rev": "0182a361324364ae3f436a63005877674cf45efb",
      "rev_count": 948083,
      "rev_date": "2026-02-17T23:04:30Z",
      "scrape_date": "2026-02-19T05:12:56.006200Z",
      "stabilities": [
        "unstable",
        "staging"
      ],
      "unfree": false,
      "version": "1.25.5",
      "outputs_to_install": [
        "out"
      ],
      "outputs": {
        "out": "/nix/store/k3knzdi0v21bf2m7vcxpdy1jnqg1h0zk-go-1.25.5"
      },
      "system": "aarch64-linux",
      "group": "go",
      "priority": 5
    },
    {
      "attr_path": "go",
      "broken": false,
      "derivation": "/nix/store/5m70w19x64mr74nzlmlmv2mia2k6mykd-go-1.25.5.drv",
      "description": "Go Programming language",
      "install_id": "go",
      "license": "BSD-3-Clause",
      "locked_url": "https://github.com/flox/nixpkgs?rev=0182a361324364ae3f436a63005877674cf45efb",
      "name": "go-1.25.5",
      "pname": "go",
      "rev": "0182a361324364ae3f436a63005877674cf45efb",
      "rev_count": 948083,
      "rev_date": "2026-02-17T23:04:30Z",
      "scrape_date": "2026-02-19T05:45:38.324899Z",
      "stabilities": [
        "unstable",
        "staging"
      ],
      "unfree": false,
      "version": "1.25.5",
      "outputs_to_install": [
        "out"
      ],
      "outputs": {
        "out": "/nix/store/bwdahzajhqd5x14dbvkqww5f1wpsxif3-go-1.25.5"
      },
      "system": "x86_64-darwin",
      "group": "go",
      "priority": 5
    },
    {
      "attr_path": "go",
      "broken": false,
      "derivation": "/nix/store/3xvlqyw28f7hk7qmk3f18pzi6c7ymzy8-go-1.25.5.drv",
      "description": "Go Programming language",
      "install_id": "go",
      "license": "BSD-3-Clause",
      "locked_url": "https://github.com/flox/nixpkgs?rev=0182a361324364ae3f436a63005877674cf45efb",
      "name": "go-1.25.5",
      "pname": "go",
      "rev": "0182a361324364ae3f436a63005877674cf45efb",
      "rev_count": 948083,
      "rev_date": "2026-02-17T23:04:30Z",
      "scrape_date": "2026-02-19T06:23:25.254913Z",
      "stabilities": [
        "unstable",
        "staging"
      ],
      "unfree": false,
      "version": "1.25.5",
      "outputs_to_install": [
        "out",
        "out",
        "out",
        "out",
        "out"
      ],
      "outputs": {
        "out": "/nix/store/zzvsjgylnphvhms3lgr2qlwdxmc68z66-go-1.25.5"
      },
      "system": "x86_64-linux",
      "group": "go",
      "priority": 5
    },
    {
      "attr_path": "air",
      "broken": false,
      "derivation": "/nix/store/cxjdbf9av8d53ms4mfjnw3lpzwfyzb04-air-1.64.5.drv",
      "description": "Live reload for Go apps",
      "install_id": "air",
      "license": "GPL-3.0-only",
      "locked_url": "https://github.com/flox/nixpkgs?rev=b40629efe5d6ec48dd1efba650c797ddbd39ace0",
      "name": "air-1.64.5",
      "pname": "air",
      "rev": "b40629efe5d6ec48dd1efba650c797ddbd39ace0",
      "rev_count": 964859,
      "rev_date": "2026-03-18T08:17:15Z",
      "scrape_date": "2026-03-20T00:40:10.794784Z",
      "stabilities": [
        "unstable",
        "staging"
      ],
      "unfree": false,
      "version": "1.64.5",
      "outputs_to_install": [
        "out"
      ],
      "outputs": {
        "out": "/nix/store/n0821hmk9d25jswxfcrv5a1x2wa6rvwv-air-1.64.5"
      },
      "system": "aarch64-darwin",
      "group": "toplevel",
      "priority": 5
    },
    {
      "attr_path": "air",
      "broken": false,
      "derivation": "/nix/store/191iasf80dz6z5l8r2741fhin2pz9bmw-air-1.64.5.drv",
      "description": "Live reload for Go apps",
      "install_id": "air",
      "license": "GPL-3.0-only",
      "locked_url": "https://github.com/flox/nixpkgs?rev=b40629efe5d6ec48dd1efba650c797ddbd39ace0",
      "name": "air-1.64.5",
      "pname": "air",
      "rev": "b40629efe5d6ec48dd1efba650c797ddbd39ace0",
      "rev_count": 964859,
      "rev_date": "2026-03-18T08:17:15Z",
      "scrape_date": "2026-03-20T01:11:37.179196Z",
      "stabilities": [
        "unstable",
        "staging"
      ],
      "unfree": false,
      "version": "1.64.5",
      "outputs_to_install": [
        "out"
      ],
      "outputs": {
        "out": "/nix/store/9sagly4wi97f3k3dcvjz4sqsvb15ck47-air-1.64.5"
      },
      "system": "aarch64-linux",
      "group": "toplevel",
      "priority": 5
    },
    {
      "attr_path": "air",
      "broken": false,
      "derivation": "/nix/store/h4gybk39nwa657jl2lmllwq3caj32xkn-air-1.64.5.drv",
      "description": "Live reload for Go apps",
      "install_id": "air",
      "license": "GPL-3.0-only",
      "locked_url": "https://github.com/flox/nixpkgs?rev=b40629efe5d6ec48dd1efba650c797ddbd39ace0",
      "name": "air-1.64.5",
      "pname": "air",
      "rev": "b40629efe5d6ec48dd1efba650c797ddbd39ace0",
      "rev_count": 964859,
      "rev_date": "2026-03-18T08:17:15Z",
      "scrape_date": "2026-03-20T01:41:35.439820Z",
      "stabilities": [
        "unstable",
        "staging"
      ],
      "unfree": false,
      "version": "1.64.5",
      "outputs_to_install": [
        "out"
      ],
      "outputs": {
        "out": "/nix/store/ahrydgyvmi7i1kiajgsyzi5mazbxqclp-air-1.64.5"
      },
      "system": "x86_64-darwin",
      "group": "toplevel",
      "priority": 5
    },
    {
      "attr_path": "air",
      "broken": false,
      "derivation": "/nix/store/x5n6ndcfg9xap31b1d5lchicfhadxjlq-air-1.64.5.drv",
      "description": "Live reload for Go apps",
      "install_id": "air",
      "license": "GPL-3.0-only",
      "locked_url": "https://github.com/flox/nixpkgs?rev=b40629efe5d6ec48dd1efba650c797ddbd39ace0",
      "name": "air-1.64.5",
      "pname": "air",
      "rev": "b40629efe5d6ec48dd1efba650c797ddbd39ace0",
      "rev_count": 964859,
      "rev_date": "2026-03-18T08:17:15Z",
      "scrape_date": "2026-03-20T02:16:24.213699Z",
      "stabilities": [
        "unstable",
        "staging"
      ],
      "unfree": false,
      "version": "1.64.5",
      "outputs_to_install": [
        "out"
      ],
      "outputs": {
        "out": "/nix/store/rkf7isfwmqy6r52h93j5b7qi1j2nr66x-air-1.64.5"
      },
      "system": "x86_64-linux",
      "group": "toplevel",
      "priority": 5
    },
    {
      "attr_path": "jsonnet",
      "broken": false,
      "derivation": "/nix/store/h0sdl50w3fd8fcckqx01nskcb1wgdg3m-jsonnet-0.21.0.drv",
      "description": "Purely-functional configuration language that helps you define JSON data",
      "install_id": "jsonnet",
      "license": "Apache-2.0",
      "locked_url": "https://github.com/flox/nixpkgs?rev=b40629efe5d6ec48dd1efba650c797ddbd39ace0",
      "name": "jsonnet-0.21.0",
      "pname": "jsonnet",
      "rev": "b40629efe5d6ec48dd1efba650c797ddbd39ace0",
      "rev_count": 964859,
      "rev_date": "2026-03-18T08:17:15Z",
      "scrape_date": "2026-03-20T00:40:27.710902Z",
      "stabilities": [
        "unstable",
        "staging"
      ],
      "unfree": false,
      "version": "0.21.0",
      "outputs_to_install": [
        "out"
      ],
      "outputs": {
        "doc": "/nix/store/dzh6a3fx1i2j98k7b00ymw1q9knjwxnq-jsonnet-0.21.0-doc",
        "out": "/nix/store/0k8zigq1hxfvz83qp4303zcvhxq6rfcs-jsonnet-0.21.0"
      },
      "system": "aarch64-darwin",
      "group": "toplevel",
      "priority": 5
    },
    {
      "attr_path": "jsonnet",
      "broken": false,
      "derivation": "/nix/store/wbgzc6n1cdmqxh9xhaq1mnzdilny9hm7-jsonnet-0.21.0.drv",
      "description": "Purely-functional configuration language that helps you define JSON data",
      "install_id": "jsonnet",
      "license": "Apache-2.0",
      "locked_url": "https://github.com/flox/nixpkgs?rev=b40629efe5d6ec48dd1efba650c797ddbd39ace0",
      "name": "jsonnet-0.21.0",
      "pname": "jsonnet",
      "rev": "b40629efe5d6ec48dd1efba650c797ddbd39ace0",
      "rev_count": 964859,
      "rev_date": "2026-03-18T08:17:15Z",
      "scrape_date": "2026-03-20T01:11:59.488887Z",
      "stabilities": [
        "unstable",
        "staging"
      ],
      "unfree": false,
      "version": "0.21.0",
      "outputs_to_install": [
        "out"
      ],
      "outputs": {
        "doc": "/nix/store/an3v6ci2f01slnkkjs70xmgg3kzy4x6z-jsonnet-0.21.0-doc",
        "out": "/nix/store/0r2gxy0pnsb51wlqj3mdpwym6wqbl8nb-jsonnet-0.21.0"
      },
      "system": "aarch64-linux",
      "group": "toplevel",
      "priority": 5
    },
    {
      "attr_path": "jsonnet",
      "broken": false,
      "derivation": "/nix/store/y0iwgzniffg9x4s0mwpn86ah5gpbmr1l-jsonnet-0.21.0.drv",
      "description": "Purely-functional configuration language that helps you define JSON data",
      "install_id": "jsonnet",
      "license": "Apache-2.0",
      "locked_url": "https://github.com/flox/nixpkgs?rev=b40629efe5d6ec48dd1efba650c797ddbd39ace0",
      "name": "jsonnet-0.21.0",
      "pname": "jsonnet",
      "rev": "b40629efe5d6ec48dd1efba650c797ddbd39ace0",
      "rev_count": 964859,
      "rev_date": "2026-03-18T08:17:15Z",
      "scrape_date": "2026-03-20T01:41:52.074984Z",
      "stabilities": [
        "unstable",
        "staging"
      ],
      "unfree": false,
      "version": "0.21.0",
      "outputs_to_install": [
        "out"
      ],
      "outputs": {
        "doc": "/nix/store/6craspfj9llqbf153vgvnh9ksg7ak27c-jsonnet-0.21.0-doc",
        "out": "/nix/store/sbvzpk00j5y5pk6hxd59jwh3wll2332a-jsonnet-0.21.0"
      },
      "system": "x86_64-darwin",
      "group": "toplevel",
      "priority": 5
    },
    {
      "attr_path": "jsonnet",
      "broken": false,
      "derivation": "/nix/store/lvnxvicmissd96ddfj0rk4xpb9hvajcn-jsonnet-0.21.0.drv",
      "description": "Purely-functional configuration language that helps you define JSON data",
      "install_id": "jsonnet",
      "license": "Apache-2.0",
      "locked_url": "https://github.com/flox/nixpkgs?rev=b40629efe5d6ec48dd1efba650c797ddbd39ace0",
      "name": "jsonnet-0.21.0",
      "pname": "jsonnet",
      "rev": "b40629efe5d6ec48dd1efba650c797ddbd39ace0",
      "rev_count": 964859,
      "rev_date": "2026-03-18T08:17:15Z",
      "scrape_date": "2026-03-20T02:16:48.285883Z",
      "stabilities": [
        "unstable",
        "staging"
      ],
      "unfree": false,
      "version": "0.21.0",
      "outputs_to_install": [
        "out"
      ],
      "outputs": {
        "doc": "/nix/store/w3z4ixkc8nqw17sliic4663il4660w4b-jsonnet-0.21.0-doc",
        "out": "/nix/store/28lv51g2p89pc08s3lp02knpgfzv5fpn-jsonnet-0.21.0"
      },
      "system": "x86_64-linux",
      "group": "toplevel",
      "priority": 5
    },
    {
      "attr_path": "nodejs_24",
      "broken": false,
      "derivation": "/nix/store/15casabz8n6il3myv53c3gwmazcjwjxf-nodejs-24.13.0.drv",
      "description": "Event-driven I/O framework for the V8 JavaScript engine",
      "install_id": "nodejs",
      "license": "MIT",
      "locked_url": "https://github.com/flox/nixpkgs?rev=b40629efe5d6ec48dd1efba650c797ddbd39ace0",
      "name": "nodejs-24.13.0",
      "pname": "nodejs_24",
      "rev": "b40629efe5d6ec48dd1efba650c797ddbd39ace0",
      "rev_count": 964859,
      "rev_date": "2026-03-18T08:17:15Z",
      "scrape_date": "2026-03-20T00:40:35.779491Z",
      "stabilities": [
        "unstable",
        "staging"
      ],
      "unfree": false,
      "version": "24.13.0",
      "outputs_to_install": [
        "out",
        "out"
      ],
      "outputs": {
        "out": "/nix/store/cx0jd5mwhn7ihryyv0qp9d33f8s1iwb7-nodejs-24.13.0"
      },
      "system": "aarch64-darwin",
      "group": "toplevel",
      "priority": 5
    },
    {
      "attr_path": "nodejs_24",
      "broken": false,
      "derivation": "/nix/store/w9vyyxzm4d1y0y3qyazdcfnvp3yjx9rb-nodejs-24.13.0.drv",
      "description": "Event-driven I/O framework for the V8 JavaScript engine",
      "install_id": "nodejs",
      "license": "MIT",
      "locked_url": "https://github.com/flox/nixpkgs?rev=b40629efe5d6ec48dd1efba650c797ddbd39ace0",
      "name": "nodejs-24.13.0",
      "pname": "nodejs_24",
      "rev": "b40629efe5d6ec48dd1efba650c797ddbd39ace0",
      "rev_count": 964859,
      "rev_date": "2026-03-18T08:17:15Z",
      "scrape_date": "2026-03-20T01:12:17.015575Z",
      "stabilities": [
        "unstable",
        "staging"
      ],
      "unfree": false,
      "version": "24.13.0",
      "outputs_to_install": [
        "out",
        "out"
      ],
      "outputs": {
        "out": "/nix/store/8dsjz52869ygjd6xdvibgk3ysl3fg6zp-nodejs-24.13.0"
      },
      "system": "aarch64-linux",
      "group": "toplevel",
      "priority": 5
    },
    {
      "attr_path": "nodejs_24",
      "broken": false,
      "derivation": "/nix/store/2g4jab428j25rirdw7k5j8hwwfxp5x9v-nodejs-24.13.0.drv",
      "description": "Event-driven I/O framework for the V8 JavaScript engine",
      "install_id": "nodejs",
      "license": "MIT",
      "locked_url": "https://github.com/flox/nixpkgs?rev=b40629efe5d6ec48dd1efba650c797ddbd39ace0",
      "name": "nodejs-24.13.0",
      "pname": "nodejs_24",
      "rev": "b40629efe5d6ec48dd1efba650c797ddbd39ace0",
      "rev_count": 964859,
      "rev_date": "2026-03-18T08:17:15Z",
      "scrape_date": "2026-03-20T01:41:59.977833Z",
      "stabilities": [
        "unstable",
        "staging"
      ],
      "unfree": false,
      "version": "24.13.0",
      "outputs_to_install": [
        "out",
        "out"
      ],
      "outputs": {
        "out": "/nix/store/i9bak02hsrywwba0apxdn7ldvkf9jl6a-nodejs-24.13.0"
      },
      "system": "x86_64-darwin",
      "group": "toplevel",
      "priority": 5
    },
    {
      "attr_path": "nodejs_24",
      "broken": false,
      "derivation": "/nix/store/gr41mppcarfhwk10hv2g6rdmgr2yq3hz-nodejs-24.13.0.drv",
      "description": "Event-driven I/O framework for the V8 JavaScript engine",
      "install_id": "nodejs",
      "license": "MIT",
      "locked_url": "https://github.com/flox/nixpkgs?rev=b40629efe5d6ec48dd1efba650c797ddbd39ace0",
      "name": "nodejs-24.13.0",
      "pname": "nodejs_24",
      "rev": "b40629efe5d6ec48dd1efba650c797ddbd39ace0",
      "rev_count": 964859,
      "rev_date": "2026-03-18T08:17:15Z",
      "scrape_date": "2026-03-20T02:17:08.045658Z",
      "stabilities": [
        "unstable",
        "staging"
      ],
      "unfree": false,
      "version": "24.13.0",
      "outputs_to_install": [
        "out",
        "out"
      ],
      "outputs": {
        "out": "/nix/store/sy0c7j0npsq33d9zhnnzvjnzc52f4y0p-nodejs-24.13.0"
      },
      "system": "x86_64-linux",
      "group": "toplevel",
      "priority": 5
    },
    {
      "attr_path": "pnpm",
      "broken": false,
      "derivation": "/nix/store/z89zp5w5ndjznb28kzd1cny1y1j22bih-pnpm-10.32.1.drv",
      "description": "Fast, disk space efficient package manager for JavaScript",
      "install_id": "pnpm",
      "license": "MIT",
      "locked_url": "https://github.com/flox/nixpkgs?rev=b40629efe5d6ec48dd1efba650c797ddbd39ace0",
      "name": "pnpm-10.32.1",
      "pname": "pnpm",
      "rev": "b40629efe5d6ec48dd1efba650c797ddbd39ace0",
      "rev_count": 964859,
      "rev_date": "2026-03-18T08:17:15Z",
      "scrape_date": "2026-03-20T00:40:49.963686Z",
      "stabilities": [
        "unstable",
        "staging"
      ],
      "unfree": false,
      "version": "10.32.1",
      "outputs_to_install": [
        "out"
      ],
      "outputs": {
        "out": "/nix/store/3g1pygsghg35h23zin6szmd7v1xn87w8-pnpm-10.32.1"
      },
      "system": "aarch64-darwin",
      "group": "toplevel",
      "priority": 5
    },
    {
      "attr_path": "pnpm",
      "broken": false,
      "derivation": "/nix/store/khzbz0wc45bm8ifzjp0gr4075hbivng1-pnpm-10.32.1.drv",
      "description": "Fast, disk space efficient package manager for JavaScript",
      "install_id": "pnpm",
      "license": "MIT",
      "locked_url": "https://github.com/flox/nixpkgs?rev=b40629efe5d6ec48dd1efba650c797ddbd39ace0",
      "name": "pnpm-10.32.1",
      "pname": "pnpm",
      "rev": "b40629efe5d6ec48dd1efba650c797ddbd39ace0",
      "rev_count": 964859,
      "rev_date": "2026-03-18T08:17:15Z",
      "scrape_date": "2026-03-20T01:12:37.511418Z",
      "stabilities": [
        "unstable",
        "staging"
      ],
      "unfree": false,
      "version": "10.32.1",
      "outputs_to_install": [
        "out"
      ],
      "outputs": {
        "out": "/nix/store/2501c440kl6lpcj36k0jzj0bhsggxp3r-pnpm-10.32.1"
      },
      "system": "aarch64-linux",
      "group": "toplevel",
      "priority": 5
    },
    {
      "attr_path": "pnpm",
      "broken": false,
      "derivation": "/nix/store/vg3d0my9ggpwf8fl3j893rgx34sb76jz-pnpm-10.32.1.drv",
      "description": "Fast, disk space efficient package manager for JavaScript",
      "install_id": "pnpm",
      "license": "MIT",
      "locked_url": "https://github.com/flox/nixpkgs?rev=b40629efe5d6ec48dd1efba650c797ddbd39ace0",
      "name": "pnpm-10.32.1",
      "pname": "pnpm",
      "rev": "b40629efe5d6ec48dd1efba650c797ddbd39ace0",
      "rev_count": 964859,
      "rev_date": "2026-03-18T08:17:15Z",
      "scrape_date": "2026-03-20T01:42:13.974499Z",
      "stabilities": [
        "unstable",
        "staging"
      ],
      "unfree": false,
      "version": "10.32.1",
      "outputs_to_install": [
        "out"
      ],
      "outputs": {
        "out": "/nix/store/y7aiggcvhsnavn3x39fyy287jg5rckv2-pnpm-10.32.1"
      },
      "system": "x86_64-darwin",
      "group": "toplevel",
      "priority": 5
    },
    {
      "attr_path": "pnpm",
      "broken": false,
      "derivation": "/nix/store/7424c60ilfkj4nl8zzih3zz488wii2ng-pnpm-10.32.1.drv",
      "description": "Fast, disk space efficient package manager for JavaScript",
      "install_id": "pnpm",
      "license": "MIT",
      "locked_url": "https://github.com/flox/nixpkgs?rev=b40629efe5d6ec48dd1efba650c797ddbd39ace0",
      "name": "pnpm-10.32.1",
      "pname": "pnpm",
      "rev": "b40629efe5d6ec48dd1efba650c797ddbd39ace0",
      "rev_count": 964859,
      "rev_date": "2026-03-18T08:17:15Z",
      "scrape_date": "2026-03-20T02:17:29.398198Z",
      "stabilities": [
        "unstable",
        "staging"
      ],
      "unfree": false,
      "version": "10.32.1",
      "outputs_to_install": [
        "out"
      ],
      "outputs": {
        "out": "/nix/store/lfnzp1f6aqiwz9vb1fzgm15rby2cg416-pnpm-10.32.1"
      },
      "system": "x86_64-linux",
      "group": "toplevel",
      "priority": 5
    }
  ]
}
